// !$*UTF8*$!
{
	archiveVersion = 1;
	classes = {
	};
	objectVersion = 50;
	objects = {

/* Begin PBXBuildFile section */
		1871183F20CBEAD30077ED50 /* AppDelegate.swift in Sources */ = {isa = PBXBuildFile; fileRef = 1871183E20CBEAD30077ED50 /* AppDelegate.swift */; };
		1871184120CBEAD30077ED50 /* ViewController.swift in Sources */ = {isa = PBXBuildFile; fileRef = 1871184020CBEAD30077ED50 /* ViewController.swift */; };
		1871184420CBEAD30077ED50 /* Main.storyboard in Resources */ = {isa = PBXBuildFile; fileRef = 1871184220CBEAD30077ED50 /* Main.storyboard */; };
		1871184620CBEAD60077ED50 /* Assets.xcassets in Resources */ = {isa = PBXBuildFile; fileRef = 1871184520CBEAD60077ED50 /* Assets.xcassets */; };
		1871184920CBEAD60077ED50 /* LaunchScreen.storyboard in Resources */ = {isa = PBXBuildFile; fileRef = 1871184720CBEAD60077ED50 /* LaunchScreen.storyboard */; };
		18EA5CBD20CC0A03009AD64E /* HousePricer.mlmodel in Sources */ = {isa = PBXBuildFile; fileRef = 18EA5CBC20CC0A03009AD64E /* HousePricer.mlmodel */; };
/* End PBXBuildFile section */

/* Begin PBXFileReference section */
		1871183B20CBEAD20077ED50 /* 01-build_model_via_coremltools.app */ = {isa = PBXFileReference; explicitFileType = wrapper.application; includeInIndex = 0; path = "01-build_model_via_coremltools.app"; sourceTree = BUILT_PRODUCTS_DIR; };
		1871183E20CBEAD30077ED50 /* AppDelegate.swift */ = {isa = PBXFileReference; lastKnownFileType = sourcecode.swift; path = AppDelegate.swift; sourceTree = "<group>"; };
		1871184020CBEAD30077ED50 /* ViewController.swift */ = {isa = PBXFileReference; lastKnownFileType = sourcecode.swift; path = ViewController.swift; sourceTree = "<group>"; };
		1871184320CBEAD30077ED50 /* Base */ = {isa = PBXFileReference; lastKnownFileType = file.storyboard; name = Base; path = Base.lproj/Main.storyboard; sourceTree = "<group>"; };
		1871184520CBEAD60077ED50 /* Assets.xcassets */ = {isa = PBXFileReference; lastKnownFileType = folder.assetcatalog; path = Assets.xcassets; sourceTree = "<group>"; };
		1871184820CBEAD60077ED50 /* Base */ = {isa = PBXFileReference; lastKnownFileType = file.storyboard; name = Base; path = Base.lproj/LaunchScreen.storyboard; sourceTree = "<group>"; };
		1871184A20CBEAD60077ED50 /* Info.plist */ = {isa = PBXFileReference; lastKnownFileType = text.plist.xml; path = Info.plist; sourceTree = "<group>"; };
		18EA5CBC20CC0A03009AD64E /* HousePricer.mlmodel */ = {isa = PBXFileReference; lastKnownFileType = file.mlmodel; path = HousePricer.mlmodel; sourceTree = "<group>"; };
/* End PBXFileReference section */

/* Begin PBXFrameworksBuildPhase section */
		1871183820CBEAD20077ED50 /* Frameworks */ = {
			isa = PBXFrameworksBuildPhase;
			buildActionMask = 2147483647;
			files = (
			);
			runOnlyForDeploymentPostprocessing = 0;
		};
/* End PBXFrameworksBuildPhase section */

/* Begin PBXGroup section */
		1871183220CBEAD20077ED50 = {
			isa = PBXGroup;
			children = (
				1871183D20CBEAD20077ED50 /* 01-build_model_via_coremltools */,
				1871183C20CBEAD20077ED50 /* Products */,
			);
			sourceTree = "<group>";
		};
		1871183C20CBEAD20077ED50 /* Products */ = {
			isa = PBXGroup;
			children = (
				1871183B20CBEAD20077ED50 /* 01-build_model_via_coremltools.app */,
			);
			name = Products;
			sourceTree = "<group>";
		};
		1871183D20CBEAD20077ED50 /* 01-build_model_via_coremltools */ = {
			isa = PBXGroup;
			children = (
				1871183E20CBEAD30077ED50 /* AppDelegate.swift */,
				1871184020CBEAD30077ED50 /* ViewController.swift */,
				18EA5CBC20CC0A03009AD64E /* HousePricer.mlmodel */,
				1871184220CBEAD30077ED50 /* Main.storyboard */,
				1871184520CBEAD60077ED50 /* Assets.xcassets */,
				1871184720CBEAD60077ED50 /* LaunchScreen.storyboard */,
				1871184A20CBEAD60077ED50 /* Info.plist */,
			);
			path = "01-build_model_via_coremltools";
			sourceTree = "<group>";
		};
/* End PBXGroup section */

/* Begin PBXNativeTarget section */
		1871183A20CBEAD20077ED50 /* 01-build_model_via_coremltools */ = {
			isa = PBXNativeTarget;
			buildConfigurationList = 1871184D20CBEAD60077ED50 /* Build configuration list for PBXNativeTarget "01-build_model_via_coremltools" */;
			buildPhases = (
				1871183720CBEAD20077ED50 /* Sources */,
				1871183820CBEAD20077ED50 /* Frameworks */,
				1871183920CBEAD20077ED50 /* Resources */,
			);
			buildRules = (
			);
			dependencies = (
			);
			name = "01-build_model_via_coremltools";
			productName = "01-build_model_via_coremltools";
			productReference = 1871183B20CBEAD20077ED50 /* 01-build_model_via_coremltools.app */;
			productType = "com.apple.product-type.application";
		};
/* End PBXNativeTarget section */

/* Begin PBXProject section */
		1871183320CBEAD20077ED50 /* Project object */ = {
			isa = PBXProject;
			attributes = {
				LastSwiftUpdateCheck = 0940;
				LastUpgradeCheck = 0940;
				ORGANIZATIONNAME = "Marlon Leng";
				TargetAttributes = {
					1871183A20CBEAD20077ED50 = {
						CreatedOnToolsVersion = 9.4;
					};
				};
			};
			buildConfigurationList = 1871183620CBEAD20077ED50 /* Build configuration list for PBXProject "01-build_model_via_coremltools" */;
			compatibilityVersion = "Xcode 9.3";
			developmentRegion = en;
			hasScannedForEncodings = 0;
			knownRegions = (
				en,
				Base,
			);
			mainGroup = 1871183220CBEAD20077ED50;
			productRefGroup = 1871183C20CBEAD20077ED50 /* Products */;
			projectDirPath = "";
			projectRoot = "";
			targets = (
				1871183A20CBEAD20077ED50 /* 01-build_model_via_coremltools */,
			);
		};
/* End PBXProject section */

/* Begin PBXResourcesBuildPhase section */
		1871183920CBEAD20077ED50 /* Resources */ = {
			isa = PBXResourcesBuildPhase;
			buildActionMask = 2147483647;
			files = (
				1871184920CBEAD60077ED50 /* LaunchScreen.storyboard in Resources */,
				1871184620CBEAD60077ED50 /* Assets.xcassets in Resources */,
				1871184420CBEAD30077ED50 /* Main.storyboard in Resources */,
			);
			runOnlyForDeploymentPostprocessing = 0;
		};
/* End PBXResourcesBuildPhase section */

/* Begin PBXSourcesBuildPhase section */
		1871183720CBEAD20077ED50 /* Sources */ = {
			isa = PBXSourcesBuildPhase;
			buildActionMask = 2147483647;
			files = (
				1871184120CBEAD30077ED50 /* ViewController.swift in Sources */,
				18EA5CBD20CC0A03009AD64E /* HousePricer.mlmodel in Sources */,
				1871183F20CBEAD30077ED50 /* AppDelegate.swift in Sources */,
			);
			runOnlyForDeploymentPostprocessing = 0;
		};
/* End PBXSourcesBuildPhase section */

/* Begin PBXVariantGroup section */
		1871184220CBEAD30077ED50 /* Main.storyboard */ = {
			isa = PBXVariantGroup;
			children = (
				1871184320CBEAD30077ED50 /* Base */,
			);
			name = Main.storyboard;
			sourceTree = "<group>";
		};
		1871184720CBEAD60077ED50 /* LaunchScreen.storyboard */ = {
			isa = PBXVariantGroup;
			children = (
				1871184820CBEAD60077ED50 /* Base */,
			);
			name = LaunchScreen.storyboard;
			sourceTree = "<group>";
		};
/* End PBXVariantGroup section */

/* Begin XCBuildConfiguration section */
		1871184B20CBEAD60077ED50 /* Debug */ = {
			isa = XCBuildConfiguration;
			buildSettings = {
				ALWAYS_SEARCH_USER_PATHS = NO;
				CLANG_ANALYZER_NONNULL = YES;
				CLANG_ANALYZER_NUMBER_OBJECT_CONVERSION = YES_AGGRESSIVE;
				CLANG_CXX_LANGUAGE_STANDARD = "gnu++14";
				CLANG_CXX_LIBRARY = "libc++";
				CLANG_ENABLE_MODULES = YES;
				CLANG_ENABLE_OBJC_ARC = YES;
				CLANG_ENABLE_OBJC_WEAK = YES;
				CLANG_WARN_BLOCK_CAPTURE_AUTORELEASING = YES;
				CLANG_WARN_BOOL_CONVERSION = YES;
				CLANG_WARN_COMMA = YES;
				CLANG_WARN_CONSTANT_CONVERSION = YES;
				CLANG_WARN_DEPRECATED_OBJC_IMPLEMENTATIONS = YES;
				CLANG_WARN_DIRECT_OBJC_ISA_USAGE = YES_ERROR;
				CLANG_WARN_DOCUMENTATION_COMMENTS = YES;
				CLANG_WARN_EMPTY_BODY = YES;
				CLANG_WARN_ENUM_CONVERSION = YES;
				CLANG_WARN_INFINITE_RECURSION = YES;
				CLANG_WARN_INT_CONVERSION = YES;
				CLANG_WARN_NON_LITERAL_NULL_CONVERSION = YES;
				CLANG_WARN_OBJC_IMPLICIT_RETAIN_SELF = YES;
				CLANG_WARN_OBJC_LITERAL_CONVERSION = YES;
				CLANG_WARN_OBJC_ROOT_CLASS = YES_ERROR;
				CLANG_WARN_RANGE_LOOP_ANALYSIS = YES;
				CLANG_WARN_STRICT_PROTOTYPES = YES;
				CLANG_WARN_SUSPICIOUS_MOVE = YES;
				CLANG_WARN_UNGUARDED_AVAILABILITY = YES_AGGRESSIVE;
				CLANG_WARN_UNREACHABLE_CODE = YES;
				CLANG_WARN__DUPLICATE_METHOD_MATCH = YES;
				CODE_SIGN_IDENTITY = "iPhone Developer";
				COPY_PHASE_STRIP = NO;
				DEBUG_INFORMATION_FORMAT = dwarf;
				ENABLE_STRICT_OBJC_MSGSEND = YES;
				ENABLE_TESTABILITY = YES;
				GCC_C_LANGUAGE_STANDARD = gnu11;
				GCC_DYNAMIC_NO_PIC = NO;
				GCC_NO_COMMON_BLOCKS = YES;
				GCC_OPTIMIZATION_LEVEL = 0;
				GCC_PREPROCESSOR_DEFINITIONS = (
					"DEBUG=1",
					"$(inherited)",
				);
				GCC_WARN_64_TO_32_BIT_CONVERSION = YES;
				GCC_WARN_ABOUT_RETURN_TYPE = YES_ERROR;
				GCC_WARN_UNDECLARED_SELECTOR = YES;
				GCC_WARN_UNINITIALIZED_AUTOS = YES_AGGRESSIVE;
				GCC_WARN_UNUSED_FUNCTION = YES;
				GCC_WARN_UNUSED_VARIABLE = YES;
				IPHONEOS_DEPLOYMENT_TARGET = 11.4;
				MTL_ENABLE_DEBUG_INFO = YES;
				ONLY_ACTIVE_ARCH = YES;
				SDKROOT = iphoneos;
				SWIFT_ACTIVE_COMPILATION_CONDITIONS = DEBUG;
				SWIFT_OPTIMIZATION_LEVEL = "-Onone";
			};
			name = Debug;
		};
		1871184C20CBEAD60077ED50 /* Release */ = {
			isa = XCBuildConfiguration;
			buildSettings = {
				ALWAYS_SEARCH_USER_PATHS = NO;
				CLANG_ANALYZER_NONNULL = YES;
				CLANG_ANALYZER_NUMBER_OBJECT_CONVERSION = YES_AGGRESSIVE;
				CLANG_CXX_LANGUAGE_STANDARD = "gnu++14";
				CLANG_CXX_LIBRARY = "libc++";
				CLANG_ENABLE_MODULES = YES;
				CLANG_ENABLE_OBJC_ARC = YES;
				CLANG_ENABLE_OBJC_WEAK = YES;
				CLANG_WARN_BLOCK_CAPTURE_AUTORELEASING = YES;
				CLANG_WARN_BOOL_CONVERSION = YES;
				CLANG_WARN_COMMA = YES;
				CLANG_WARN_CONSTANT_CONVERSION = YES;
				CLANG_WARN_DEPRECATED_OBJC_IMPLEMENTATIONS = YES;
				CLANG_WARN_DIRECT_OBJC_ISA_USAGE = YES_ERROR;
				CLANG_WARN_DOCUMENTATION_COMMENTS = YES;
				CLANG_WARN_EMPTY_BODY = YES;
				CLANG_WARN_ENUM_CONVERSION = YES;
				CLANG_WARN_INFINITE_RECURSION = YES;
				CLANG_WARN_INT_CONVERSION = YES;
				CLANG_WARN_NON_LITERAL_NULL_CONVERSION = YES;
				CLANG_WARN_OBJC_IMPLICIT_RETAIN_SELF = YES;
				CLANG_WARN_OBJC_LITERAL_CONVERSION = YES;
				CLANG_WARN_OBJC_ROOT_CLASS = YES_ERROR;
				CLANG_WARN_RANGE_LOOP_ANALYSIS = YES;
				CLANG_WARN_STRICT_PROTOTYPES = YES;
				CLANG_WARN_SUSPICIOUS_MOVE = YES;
				CLANG_WARN_UNGUARDED_AVAILABILITY = YES_AGGRESSIVE;
				CLANG_WARN_UNREACHABLE_CODE = YES;
				CLANG_WARN__DUPLICATE_METHOD_MATCH = YES;
				CODE_SIGN_IDENTITY = "iPhone Developer";
				COPY_PHASE_STRIP = NO;
				DEBUG_INFORMATION_FORMAT = "dwarf-with-dsym";
				ENABLE_NS_ASSERTIONS = NO;
				ENABLE_STRICT_OBJC_MSGSEND = YES;
				GCC_C_LANGUAGE_STANDARD = gnu11;
				GCC_NO_COMMON_BLOCKS = YES;
				GCC_WARN_64_TO_32_BIT_CONVERSION = YES;
				GCC_WARN_ABOUT_RETURN_TYPE = YES_ERROR;
				GCC_WARN_UNDECLARED_SELECTOR = YES;
				GCC_WARN_UNINITIALIZED_AUTOS = YES_AGGRESSIVE;
				GCC_WARN_UNUSED_FUNCTION = YES;
				GCC_WARN_UNUSED_VARIABLE = YES;
				IPHONEOS_DEPLOYMENT_TARGET = 11.4;
				MTL_ENABLE_DEBUG_INFO = NO;
				SDKROOT = iphoneos;
				SWIFT_COMPILATION_MODE = wholemodule;
				SWIFT_OPTIMIZATION_LEVEL = "-O";
				VALIDATE_PRODUCT = YES;
			};
			name = Release;
		};
		1871184E20CBEAD60077ED50 /* Debug */ = {
			isa = XCBuildConfiguration;
			buildSettings = {
				ASSETCATALOG_COMPILER_APPICON_NAME = AppIcon;
				CODE_SIGN_STYLE = Automatic;
				DEVELOPMENT_TEAM = 249Y6FV426;
				INFOPLIST_FILE = "01-build_model_via_coremltools/Info.plist";
				IPHONEOS_DEPLOYMENT_TARGET = 11.0;
				LD_RUNPATH_SEARCH_PATHS = (
					"$(inherited)",
					"@executable_path/Frameworks",
				);
				PRODUCT_BUNDLE_IDENTIFIER = "lengsuperman.com.-1-build-model-via-coremltools";
				PRODUCT_NAME = "$(TARGET_NAME)";
				SWIFT_VERSION = 4.0;
				TARGETED_DEVICE_FAMILY = "1,2";
			};
			name = Debug;
		};
		1871184F20CBEAD60077ED50 /* Release */ = {
			isa = XCBuildConfiguration;
			buildSettings = {
				ASSETCATALOG_COMPILER_APPICON_NAME = AppIcon;
				CODE_SIGN_STYLE = Automatic;
				DEVELOPMENT_TEAM = 249Y6FV426;
				INFOPLIST_FILE = "01-build_model_via_coremltools/Info.plist";
				IPHONEOS_DEPLOYMENT_TARGET = 11.0;
				LD_RUNPATH_SEARCH_PATHS = (
					"$(inherited)",
					"@executable_path/Frameworks",
				);
				PRODUCT_BUNDLE_IDENTIFIER = "lengsuperman.com.-1-build-model-via-coremltools";
				PRODUCT_NAME = "$(TARGET_NAME)";
				SWIFT_VERSION = 4.0;
				TARGETED_DEVICE_FAMILY = "1,2";
			};
			name = Release;
		};
/* End XCBuildConfiguration section */

/* Begin XCConfigurationList section */
		1871183620CBEAD20077ED50 /* Build configuration list for PBXProject "01-build_model_via_coremltools" */ = {
			isa = XCConfigurationList;
			buildConfigurations = (
				1871184B20CBEAD60077ED50 /* Debug */,
				1871184C20CBEAD60077ED50 /* Release */,
			);
			defaultConfigurationIsVisible = 0;
			defaultConfigurationName = Release;
		};
		1871184D20CBEAD60077ED50 /* Build configuration list for PBXNativeTarget "01-build_model_via_coremltools" */ = {
			isa = XCConfigurationList;
			buildConfigurations = (
				1871184E20CBEAD60077ED50 /* Debug */,
				1871184F20CBEAD60077ED50 /* Release */,
			);
			defaultConfigurationIsVisible = 0;
			defaultConfigurationName = Release;
		};
/* End XCConfigurationList section */
	};
	rootObject = 1871183320CBEAD20077ED50 /* Project object */;
}
